name: Update lock
on:
  workflow_dispatch:
  schedule:
    - cron: '0 0 * * 0'  # every Sunday at midnight

permissions:
  contents: write
  pull-requests: write
  id-token: write

jobs:
  update:
    runs-on: ubuntu-latest
    steps:
      - uses: actions/checkout@3d3c42e5aac5ba805825da76410c181273ba90b1 # v7.0.1

      - run: |
          git config user.name "$GITHUB_ACTOR"
          git config user.email "$GITHUB_ACTOR@users.noreply.github.com"

      - uses: chainguard-dev/actions/setup-gitsign@7bd1e94b2a1b7faa891392757de7d89489070c5c # v1.6.32

      - uses: DeterminateSystems/nix-installer-action@ef8a148080ab6020fd15196c2084a2eea5ff2d25 # v22

      - name: Update flake
        run: |-
          nix flake update

      - name: Commit & Push changes
        uses: actions-js/push@968f4695ca558093eadb24ad83cc5891f47e0cdc # v1.6
        with:
          branch: 'main'
          message: "chore(flake): bump inputs"
          github_token: ${{ secrets.GITHUB_TOKEN }}
